// !$*UTF8*$!
{
	archiveVersion = 1;
	classes = {
	};
	objectVersion = 46;
	objects = {

/* Begin PBXBuildFile section */
		007728D21BBDD79300F26014 /* AppDelegate.swift in Sources */ = {isa = PBXBuildFile; fileRef = 007728D11BBDD79300F26014 /* AppDelegate.swift */; };
		007728D41BBDD79300F26014 /* ViewController.swift in Sources */ = {isa = PBXBuildFile; fileRef = 007728D31BBDD79300F26014 /* ViewController.swift */; };
		007728D71BBDD79300F26014 /* Main.storyboard in Resources */ = {isa = PBXBuildFile; fileRef = 007728D51BBDD79300F26014 /* Main.storyboard */; };
		007728D91BBDD79300F26014 /* Images.xcassets in Resources */ = {isa = PBXBuildFile; fileRef = 007728D81BBDD79300F26014 /* Images.xcassets */; };
		007728DC1BBDD79300F26014 /* LaunchScreen.xib in Resources */ = {isa = PBXBuildFile; fileRef = 007728DA1BBDD79300F26014 /* LaunchScreen.xib */; };
		007728E81BBDD79300F26014 /* Week_3_LabTests.swift in Sources */ = {isa = PBXBuildFile; fileRef = 007728E71BBDD79300F26014 /* Week_3_LabTests.swift */; };
		007728F21BBDD7D700F26014 /* CanvasViewController.swift in Sources */ = {isa = PBXBuildFile; fileRef = 007728F11BBDD7D700F26014 /* CanvasViewController.swift */; };
/* End PBXBuildFile section */

/* Begin PBXContainerItemProxy section */
		007728E21BBDD79300F26014 /* PBXContainerItemProxy */ = {
			isa = PBXContainerItemProxy;
			containerPortal = 007728C41BBDD79300F26014 /* Project object */;
			proxyType = 1;
			remoteGlobalIDString = 007728CB1BBDD79300F26014;
			remoteInfo = "Week 3 Lab";
		};
/* End PBXContainerItemProxy section */

/* Begin PBXFileReference section */
		007728CC1BBDD79300F26014 /* Week 3 Lab.app */ = {isa = PBXFileReference; explicitFileType = wrapper.application; includeInIndex = 0; path = "Week 3 Lab.app"; sourceTree = BUILT_PRODUCTS_DIR; };
		007728D01BBDD79300F26014 /* Info.plist */ = {isa = PBXFileReference; lastKnownFileType = text.plist.xml; path = Info.plist; sourceTree = "<group>"; };
		007728D11BBDD79300F26014 /* AppDelegate.swift */ = {isa = PBXFileReference; lastKnownFileType = sourcecode.swift; path = AppDelegate.swift; sourceTree = "<group>"; };
		007728D31BBDD79300F26014 /* ViewController.swift */ = {isa = PBXFileReference; lastKnownFileType = sourcecode.swift; path = ViewController.swift; sourceTree = "<group>"; };
		007728D61BBDD79300F26014 /* Base */ = {isa = PBXFileReference; lastKnownFileType = file.storyboard; name = Base; path = Base.lproj/Main.storyboard; sourceTree = "<group>"; };
		007728D81BBDD79300F26014 /* Images.xcassets */ = {isa = PBXFileReference; lastKnownFileType = folder.assetcatalog; path = Images.xcassets; sourceTree = "<group>"; };
		007728DB1BBDD79300F26014 /* Base */ = {isa = PBXFileReference; lastKnownFileType = file.xib; name = Base; path = Base.lproj/LaunchScreen.xib; sourceTree = "<group>"; };
		007728E11BBDD79300F26014 /* Week 3 LabTests.xctest */ = {isa = PBXFileReference; explicitFileType = wrapper.cfbundle; includeInIndex = 0; path = "Week 3 LabTests.xctest"; sourceTree = BUILT_PRODUCTS_DIR; };
		007728E61BBDD79300F26014 /* Info.plist */ = {isa = PBXFileReference; lastKnownFileType = text.plist.xml; path = Info.plist; sourceTree = "<group>"; };
		007728E71BBDD79300F26014 /* Week_3_LabTests.swift */ = {isa = PBXFileReference; lastKnownFileType = sourcecode.swift; path = Week_3_LabTests.swift; sourceTree = "<group>"; };
		007728F11BBDD7D700F26014 /* CanvasViewController.swift */ = {isa = PBXFileReference; fileEncoding = 4; lastKnownFileType = sourcecode.swift; path = CanvasViewController.swift; sourceTree = "<group>"; };
/* End PBXFileReference section */

/* Begin PBXFrameworksBuildPhase section */
		007728C91BBDD79300F26014 /* Frameworks */ = {
			isa = PBXFrameworksBuildPhase;
			buildActionMask = 2147483647;
			files = (
			);
			runOnlyForDeploymentPostprocessing = 0;
		};
		007728DE1BBDD79300F26014 /* Frameworks */ = {
			isa = PBXFrameworksBuildPhase;
			buildActionMask = 2147483647;
			files = (
			);
			runOnlyForDeploymentPostprocessing = 0;
		};
/* End PBXFrameworksBuildPhase section */

/* Begin PBXGroup section */
		007728C31BBDD79300F26014 = {
			isa = PBXGroup;
			children = (
				007728CE1BBDD79300F26014 /* Week 3 Lab */,
				007728E41BBDD79300F26014 /* Week 3 LabTests */,
				007728CD1BBDD79300F26014 /* Products */,
			);
			sourceTree = "<group>";
		};
		007728CD1BBDD79300F26014 /* Products */ = {
			isa = PBXGroup;
			children = (
				007728CC1BBDD79300F26014 /* Week 3 Lab.app */,
				007728E11BBDD79300F26014 /* Week 3 LabTests.xctest */,
			);
			name = Products;
			sourceTree = "<group>";
		};
		007728CE1BBDD79300F26014 /* Week 3 Lab */ = {
			isa = PBXGroup;
			children = (
				007728D11BBDD79300F26014 /* AppDelegate.swift */,
				007728D31BBDD79300F26014 /* ViewController.swift */,
				007728D51BBDD79300F26014 /* Main.storyboard */,
				007728F11BBDD7D700F26014 /* CanvasViewController.swift */,
				007728D81BBDD79300F26014 /* Images.xcassets */,
				007728DA1BBDD79300F26014 /* LaunchScreen.xib */,
				007728CF1BBDD79300F26014 /* Supporting Files */,
			);
			path = "Week 3 Lab";
			sourceTree = "<group>";
		};
		007728CF1BBDD79300F26014 /* Supporting Files */ = {
			isa = PBXGroup;
			children = (
				007728D01BBDD79300F26014 /* Info.plist */,
			);
			name = "Supporting Files";
			sourceTree = "<group>";
		};
		007728E41BBDD79300F26014 /* Week 3 LabTests */ = {
			isa = PBXGroup;
			children = (
				007728E71BBDD79300F26014 /* Week_3_LabTests.swift */,
				007728E51BBDD79300F26014 /* Supporting Files */,
			);
			path = "Week 3 LabTests";
			sourceTree = "<group>";
		};
		007728E51BBDD79300F26014 /* Supporting Files */ = {
			isa = PBXGroup;
			children = (
				007728E61BBDD79300F26014 /* Info.plist */,
			);
			name = "Supporting Files";
			sourceTree = "<group>";
		};
/* End PBXGroup section */

/* Begin PBXNativeTarget section */
		007728CB1BBDD79300F26014 /* Week 3 Lab */ = {
			isa = PBXNativeTarget;
			buildConfigurationList = 007728EB1BBDD79300F26014 /* Build configuration list for PBXNativeTarget "Week 3 Lab" */;
			buildPhases = (
				007728C81BBDD79300F26014 /* Sources */,
				007728C91BBDD79300F26014 /* Frameworks */,
				007728CA1BBDD79300F26014 /* Resources */,
			);
			buildRules = (
			);
			dependencies = (
			);
			name = "Week 3 Lab";
			productName = "Week 3 Lab";
			productReference = 007728CC1BBDD79300F26014 /* Week 3 Lab.app */;
			productType = "com.apple.product-type.application";
		};
		007728E01BBDD79300F26014 /* Week 3 LabTests */ = {
			isa = PBXNativeTarget;
			buildConfigurationList = 007728EE1BBDD79300F26014 /* Build configuration list for PBXNativeTarget "Week 3 LabTests" */;
			buildPhases = (
				007728DD1BBDD79300F26014 /* Sources */,
				007728DE1BBDD79300F26014 /* Frameworks */,
				007728DF1BBDD79300F26014 /* Resources */,
			);
			buildRules = (
			);
			dependencies = (
				007728E31BBDD79300F26014 /* PBXTargetDependency */,
			);
			name = "Week 3 LabTests";
			productName = "Week 3 LabTests";
			productReference = 007728E11BBDD79300F26014 /* Week 3 LabTests.xctest */;
			productType = "com.apple.product-type.bundle.unit-test";
		};
/* End PBXNativeTarget section */

/* Begin PBXProject section */
		007728C41BBDD79300F26014 /* Project object */ = {
			isa = PBXProject;
			attributes = {
				LastUpgradeCheck = 0640;
				ORGANIZATIONNAME = "Katie Spies";
				TargetAttributes = {
					007728CB1BBDD79300F26014 = {
						CreatedOnToolsVersion = 6.4;
					};
					007728E01BBDD79300F26014 = {
						CreatedOnToolsVersion = 6.4;
						TestTargetID = 007728CB1BBDD79300F26014;
					};
				};
			};
			buildConfigurationList = 007728C71BBDD79300F26014 /* Build configuration list for PBXProject "Week 3 Lab" */;
			compatibilityVersion = "Xcode 3.2";
			developmentRegion = English;
			hasScannedForEncodings = 0;
			knownRegions = (
				en,
				Base,
			);
			mainGroup = 007728C31BBDD79300F26014;
			productRefGroup = 007728CD1BBDD79300F26014 /* Products */;
			projectDirPath = "";
			projectRoot = "";
			targets = (
				007728CB1BBDD79300F26014 /* Week 3 Lab */,
				007728E01BBDD79300F26014 /* Week 3 LabTests */,
			);
		};
/* End PBXProject section */

/* Begin PBXResourcesBuildPhase section */
		007728CA1BBDD79300F26014 /* Resources */ = {
			isa = PBXResourcesBuildPhase;
			buildActionMask = 2147483647;
			files = (
				007728D71BBDD79300F26014 /* Main.storyboard in Resources */,
				007728DC1BBDD79300F26014 /* LaunchScreen.xib in Resources */,
				007728D91BBDD79300F26014 /* Images.xcassets in Resources */,
			);
			runOnlyForDeploymentPostprocessing = 0;
		};
		007728DF1BBDD79300F26014 /* Resources */ = {
			isa = PBXResourcesBuildPhase;
			buildActionMask = 2147483647;
			files = (
			);
			runOnlyForDeploymentPostprocessing = 0;
		};
/* End PBXResourcesBuildPhase section */

/* Begin PBXSourcesBuildPhase section */
		007728C81BBDD79300F26014 /* Sources */ = {
			isa = PBXSourcesBuildPhase;
			buildActionMask = 2147483647;
			files = (
				007728D41BBDD79300F26014 /* ViewController.swift in Sources */,
				007728F21BBDD7D700F26014 /* CanvasViewController.swift in Sources */,
				007728D21BBDD79300F26014 /* AppDelegate.swift in Sources */,
			);
			runOnlyForDeploymentPostprocessing = 0;
		};
		007728DD1BBDD79300F26014 /* Sources */ = {
			isa = PBXSourcesBuildPhase;
			buildActionMask = 2147483647;
			files = (
				007728E81BBDD79300F26014 /* Week_3_LabTests.swift in Sources */,
			);
			runOnlyForDeploymentPostprocessing = 0;
		};
/* End PBXSourcesBuildPhase section */

/* Begin PBXTargetDependency section */
		007728E31BBDD79300F26014 /* PBXTargetDependency */ = {
			isa = PBXTargetDependency;
			target = 007728CB1BBDD79300F26014 /* Week 3 Lab */;
			targetProxy = 007728E21BBDD79300F26014 /* PBXContainerItemProxy */;
		};
/* End PBXTargetDependency section */

/* Begin PBXVariantGroup section */
		007728D51BBDD79300F26014 /* Main.storyboard */ = {
			isa = PBXVariantGroup;
			children = (
				007728D61BBDD79300F26014 /* Base */,
			);
			name = Main.storyboard;
			sourceTree = "<group>";
		};
		007728DA1BBDD79300F26014 /* LaunchScreen.xib */ = {
			isa = PBXVariantGroup;
			children = (
				007728DB1BBDD79300F26014 /* Base */,
			);
			name = LaunchScreen.xib;
			sourceTree = "<group>";
		};
/* End PBXVariantGroup section */

/* Begin XCBuildConfiguration section */
		007728E91BBDD79300F26014 /* Debug */ = {
			isa = XCBuildConfiguration;
			buildSettings = {
				ALWAYS_SEARCH_USER_PATHS = NO;
				CLANG_CXX_LANGUAGE_STANDARD = "gnu++0x";
				CLANG_CXX_LIBRARY = "libc++";
				CLANG_ENABLE_MODULES = YES;
				CLANG_ENABLE_OBJC_ARC = YES;
				CLANG_WARN_BOOL_CONVERSION = YES;
				CLANG_WARN_CONSTANT_CONVERSION = YES;
				CLANG_WARN_DIRECT_OBJC_ISA_USAGE = YES_ERROR;
				CLANG_WARN_EMPTY_BODY = YES;
				CLANG_WARN_ENUM_CONVERSION = YES;
				CLANG_WARN_INT_CONVERSION = YES;
				CLANG_WARN_OBJC_ROOT_CLASS = YES_ERROR;
				CLANG_WARN_UNREACHABLE_CODE = YES;
				CLANG_WARN__DUPLICATE_METHOD_MATCH = YES;
				"CODE_SIGN_IDENTITY[sdk=iphoneos*]" = "iPhone Developer";
				COPY_PHASE_STRIP = NO;
				DEBUG_INFORMATION_FORMAT = "dwarf-with-dsym";
				ENABLE_STRICT_OBJC_MSGSEND = YES;
				GCC_C_LANGUAGE_STANDARD = gnu99;
				GCC_DYNAMIC_NO_PIC = NO;
				GCC_NO_COMMON_BLOCKS = YES;
				GCC_OPTIMIZATION_LEVEL = 0;
				GCC_PREPROCESSOR_DEFINITIONS = (
					"DEBUG=1",
					"$(inherited)",
				);
				GCC_SYMBOLS_PRIVATE_EXTERN = NO;
				GCC_WARN_64_TO_32_BIT_CONVERSION = YES;
				GCC_WARN_ABOUT_RETURN_TYPE = YES_ERROR;
				GCC_WARN_UNDECLARED_SELECTOR = YES;
				GCC_WARN_UNINITIALIZED_AUTOS = YES_AGGRESSIVE;
				GCC_WARN_UNUSED_FUNCTION = YES;
				GCC_WARN_UNUSED_VARIABLE = YES;
				IPHONEOS_DEPLOYMENT_TARGET = 8.4;
				MTL_ENABLE_DEBUG_INFO = YES;
				ONLY_ACTIVE_ARCH = YES;
				SDKROOT = iphoneos;
				SWIFT_OPTIMIZATION_LEVEL = "-Onone";
			};
			name = Debug;
		};
		007728EA1BBDD79300F26014 /* Release */ = {
			isa = XCBuildConfiguration;
			buildSettings = {
				ALWAYS_SEARCH_USER_PATHS = NO;
				CLANG_CXX_LANGUAGE_STANDARD = "gnu++0x";
				CLANG_CXX_LIBRARY = "libc++";
				CLANG_ENABLE_MODULES = YES;
				CLANG_ENABLE_OBJC_ARC = YES;
				CLANG_WARN_BOOL_CONVERSION = YES;
				CLANG_WARN_CONSTANT_CONVERSION = YES;
				CLANG_WARN_DIRECT_OBJC_ISA_USAGE = YES_ERROR;
				CLANG_WARN_EMPTY_BODY = YES;
				CLANG_WARN_ENUM_CONVERSION = YES;
				CLANG_WARN_INT_CONVERSION = YES;
				CLANG_WARN_OBJC_ROOT_CLASS = YES_ERROR;
				CLANG_WARN_UNREACHABLE_CODE = YES;
				CLANG_WARN__DUPLICATE_METHOD_MATCH = YES;
				"CODE_SIGN_IDENTITY[sdk=iphoneos*]" = "iPhone Developer";
				COPY_PHASE_STRIP = NO;
				DEBUG_INFORMATION_FORMAT = "dwarf-with-dsym";
				ENABLE_NS_ASSERTIONS = NO;
				ENABLE_STRICT_OBJC_MSGSEND = YES;
				GCC_C_LANGUAGE_STANDARD = gnu99;
				GCC_NO_COMMON_BLOCKS = YES;
				GCC_WARN_64_TO_32_BIT_CONVERSION = YES;
				GCC_WARN_ABOUT_RETURN_TYPE = YES_ERROR;
				GCC_WARN_UNDECLARED_SELECTOR = YES;
				GCC_WARN_UNINITIALIZED_AUTOS = YES_AGGRESSIVE;
				GCC_WARN_UNUSED_FUNCTION = YES;
				GCC_WARN_UNUSED_VARIABLE = YES;
				IPHONEOS_DEPLOYMENT_TARGET = 8.4;
				MTL_ENABLE_DEBUG_INFO = NO;
				SDKROOT = iphoneos;
				VALIDATE_PRODUCT = YES;
			};
			name = Release;
		};
		007728EC1BBDD79300F26014 /* Debug */ = {
			isa = XCBuildConfiguration;
			buildSettings = {
				ASSETCATALOG_COMPILER_APPICON_NAME = AppIcon;
				INFOPLIST_FILE = "Week 3 Lab/Info.plist";
				LD_RUNPATH_SEARCH_PATHS = "$(inherited) @executable_path/Frameworks";
				PRODUCT_NAME = "$(TARGET_NAME)";
			};
			name = Debug;
		};
		007728ED1BBDD79300F26014 /* Release */ = {
			isa = XCBuildConfiguration;
			buildSettings = {
				ASSETCATALOG_COMPILER_APPICON_NAME = AppIcon;
				INFOPLIST_FILE = "Week 3 Lab/Info.plist";
				LD_RUNPATH_SEARCH_PATHS = "$(inherited) @executable_path/Frameworks";
				PRODUCT_NAME = "$(TARGET_NAME)";
			};
			name = Release;
		};
		007728EF1BBDD79300F26014 /* Debug */ = {
			isa = XCBuildConfiguration;
			buildSettings = {
				BUNDLE_LOADER = "$(TEST_HOST)";
				FRAMEWORK_SEARCH_PATHS = (
					"$(SDKROOT)/Developer/Library/Frameworks",
					"$(inherited)",
				);
				GCC_PREPROCESSOR_DEFINITIONS = (
					"DEBUG=1",
					"$(inherited)",
				);
				INFOPLIST_FILE = "Week 3 LabTests/Info.plist";
				LD_RUNPATH_SEARCH_PATHS = "$(inherited) @executable_path/Frameworks @loader_path/Frameworks";
				PRODUCT_NAME = "$(TARGET_NAME)";
				TEST_HOST = "$(BUILT_PRODUCTS_DIR)/Week 3 Lab.app/Week 3 Lab";
			};
			name = Debug;
		};
		007728F01BBDD79300F26014 /* Release */ = {
			isa = XCBuildConfiguration;
			buildSettings = {
				BUNDLE_LOADER = "$(TEST_HOST)";
				FRAMEWORK_SEARCH_PATHS = (
					"$(SDKROOT)/Developer/Library/Frameworks",
					"$(inherited)",
				);
				INFOPLIST_FILE = "Week 3 LabTests/Info.plist";
				LD_RUNPATH_SEARCH_PATHS = "$(inherited) @executable_path/Frameworks @loader_path/Frameworks";
				PRODUCT_NAME = "$(TARGET_NAME)";
				TEST_HOST = "$(BUILT_PRODUCTS_DIR)/Week 3 Lab.app/Week 3 Lab";
			};
			name = Release;
		};
/* End XCBuildConfiguration section */

/* Begin XCConfigurationList section */
		007728C71BBDD79300F26014 /* Build configuration list for PBXProject "Week 3 Lab" */ = {
			isa = XCConfigurationList;
			buildConfigurations = (
				007728E91BBDD79300F26014 /* Debug */,
				007728EA1BBDD79300F26014 /* Release */,
			);
			defaultConfigurationIsVisible = 0;
			defaultConfigurationName = Release;
		};
		007728EB1BBDD79300F26014 /* Build configuration list for PBXNativeTarget "Week 3 Lab" */ = {
			isa = XCConfigurationList;
			buildConfigurations = (
				007728EC1BBDD79300F26014 /* Debug */,
				007728ED1BBDD79300F26014 /* Release */,
			);
			defaultConfigurationIsVisible = 0;
		};
		007728EE1BBDD79300F26014 /* Build configuration list for PBXNativeTarget "Week 3 LabTests" */ = {
			isa = XCConfigurationList;
			buildConfigurations = (
				007728EF1BBDD79300F26014 /* Debug */,
				007728F01BBDD79300F26014 /* Release */,
			);
			defaultConfigurationIsVisible = 0;
		};
/* End XCConfigurationList section */
	};
	rootObject = 007728C41BBDD79300F26014 /* Project object */;
}
